{
  "version": 4,
  "terraform_version": "1.6.6",
  "serial": 1,
  "lineage": "45422d3d-c992-4bbf-c904-07236b658147",
  "outputs": {},
  "resources": [
    {
      "mode": "managed",
      "type": "github_repository",
      "name": "example",
      "provider": "provider[\"registry.terraform.io/integrations/github\"]",
      "instances": [
        {
          "schema_version": 1,
          "attributes": {
            "allow_auto_merge": false,
            "allow_merge_commit": true,
            "allow_rebase_merge": true,
            "allow_squash_merge": true,
            "allow_update_branch": false,
            "archive_on_destroy": null,
            "archived": false,
            "auto_init": null,
            "default_branch": "main",
            "delete_branch_on_merge": false,
            "description": "testing",
            "etag": "W/\"d37fce77040e7258c5c5a5e7a0ae90070f725675c1bde442ad7644b9938af044\"",
            "full_name": "Sharantalk/terraform-git",
            "git_clone_url": "git://github.com/Sharantalk/terraform-git.git",
            "gitignore_template": null,
            "has_discussions": false,
            "has_downloads": false,
            "has_issues": false,
            "has_projects": false,
            "has_wiki": false,
            "homepage_url": "",
            "html_url": "https://github.com/Sharantalk/terraform-git",
            "http_clone_url": "https://github.com/Sharantalk/terraform-git.git",
            "id": "terraform-git",
            "ignore_vulnerability_alerts_during_read": null,
            "is_template": false,
            "license_template": null,
            "merge_commit_message": "PR_TITLE",
            "merge_commit_title": "MERGE_MESSAGE",
            "name": "terraform-git",
            "node_id": "R_kgDOK_3Y6Q",
            "pages": [],
            "primary_language": "",
            "private": false,
            "repo_id": 738056425,
            "security_and_analysis": [
              {
                "advanced_security": [],
                "secret_scanning": [
                  {
                    "status": "disabled"
                  }
                ],
                "secret_scanning_push_protection": [
                  {
                    "status": "disabled"
                  }
                ]
              }
            ],
            "squash_merge_commit_message": "COMMIT_MESSAGES",
            "squash_merge_commit_title": "COMMIT_OR_PR_TITLE",
            "ssh_clone_url": "git@github.com:Sharantalk/terraform-git.git",
            "svn_url": "https://github.com/Sharantalk/terraform-git",
            "template": [],
            "topics": [],
            "visibility": "public",
            "vulnerability_alerts": false
          },
          "sensitive_attributes": [],
          "private": "eyJzY2hlbWFfdmVyc2lvbiI6IjEifQ=="
        }
      ]
    }
  ],
  "check_results": null
}
